
Microsoft Visual Studio Solution File, Format Version 12.00
# Visual Studio 15
VisualStudioVersion = 15.0.34031.82
MinimumVisualStudioVersion = 10.0.40219.1
Project("{8BC9CEB8-8B4A-11D0-8D11-00A0C91BC942}") = "3.17", "3.17\3.17.vcxproj", "{DDB219A7-3EE9-408D-850A-E8E8EDACADF8}"
EndProject
Global
	GlobalSection(SolutionConfigurationPlatforms) = preSolution
		Debug|x64 = Debug|x64
		Debug|x86 = Debug|x86
		Release|x64 = Release|x64
		Release|x86 = Release|x86
	EndGlobalSection
	GlobalSection(ProjectConfigurationPlatforms) = postSolution
		{DDB219A7-3EE9-408D-850A-E8E8EDACADF8}.Debug|x64.ActiveCfg = Debug|x64
		{DDB219A7-3EE9-408D-850A-E8E8EDACADF8}.Debug|x64.Build.0 = Debug|x64
		{DDB219A7-3EE9-408D-850A-E8E8EDACADF8}.Debug|x86.ActiveCfg = Debug|Win32
		{DDB219A7-3EE9-408D-850A-E8E8EDACADF8}.Debug|x86.Build.0 = Debug|Win32
		{DDB219A7-3EE9-408D-850A-E8E8EDACADF8}.Release|x64.ActiveCfg = Release|x64
		{DDB219A7-3EE9-408D-850A-E8E8EDACADF8}.Release|x64.Build.0 = Release|x64
		{DDB219A7-3EE9-408D-850A-E8E8EDACADF8}.Release|x86.ActiveCfg = Release|Win32
		{DDB219A7-3EE9-408D-850A-E8E8EDACADF8}.Release|x86.Build.0 = Release|Win32
	EndGlobalSection
	GlobalSection(SolutionProperties) = preSolution
		HideSolutionNode = FALSE
	EndGlobalSection
	GlobalSection(ExtensibilityGlobals) = postSolution
		SolutionGuid = {4303EB2C-FA7B-40EF-B1EC-782417F3E7D3}
	EndGlobalSection
EndGlobal
