
Microsoft Visual Studio Solution File, Format Version 12.00
# Visual Studio 15
VisualStudioVersion = 15.0.34031.82
MinimumVisualStudioVersion = 10.0.40219.1
Project("{8BC9CEB8-8B4A-11D0-8D11-00A0C91BC942}") = "4.27", "4.27\4.27.vcxproj", "{B0EC37E5-8206-47B1-86C8-BF154C161045}"
EndProject
Global
	GlobalSection(SolutionConfigurationPlatforms) = preSolution
		Debug|x64 = Debug|x64
		Debug|x86 = Debug|x86
		Release|x64 = Release|x64
		Release|x86 = Release|x86
	EndGlobalSection
	GlobalSection(ProjectConfigurationPlatforms) = postSolution
		{B0EC37E5-8206-47B1-86C8-BF154C161045}.Debug|x64.ActiveCfg = Debug|x64
		{B0EC37E5-8206-47B1-86C8-BF154C161045}.Debug|x64.Build.0 = Debug|x64
		{B0EC37E5-8206-47B1-86C8-BF154C161045}.Debug|x86.ActiveCfg = Debug|Win32
		{B0EC37E5-8206-47B1-86C8-BF154C161045}.Debug|x86.Build.0 = Debug|Win32
		{B0EC37E5-8206-47B1-86C8-BF154C161045}.Release|x64.ActiveCfg = Release|x64
		{B0EC37E5-8206-47B1-86C8-BF154C161045}.Release|x64.Build.0 = Release|x64
		{B0EC37E5-8206-47B1-86C8-BF154C161045}.Release|x86.ActiveCfg = Release|Win32
		{B0EC37E5-8206-47B1-86C8-BF154C161045}.Release|x86.Build.0 = Release|Win32
	EndGlobalSection
	GlobalSection(SolutionProperties) = preSolution
		HideSolutionNode = FALSE
	EndGlobalSection
	GlobalSection(ExtensibilityGlobals) = postSolution
		SolutionGuid = {2AA79D10-98FF-493B-803A-B39D681B4BED}
	EndGlobalSection
EndGlobal
